
Microsoft Visual Studio Solution File, Format Version 12.00
# Visual Studio 15
VisualStudioVersion = 15.0.28307.106
MinimumVisualStudioVersion = 10.0.40219.1
Project("{9A19103F-16F7-4668-BE54-9A1E7A4F7556}") = "CommentedPosts", "CommentedPosts\CommentedPosts.csproj", "{E858B98C-EC32-4F64-AF1D-5462281A6915}"
EndProject
Project("{FAE04EC0-301F-11D3-BF4B-00C04F79EFBC}") = "CommentedPostsFront", "CommentedPostsFront\CommentedPostsFront.csproj", "{F93FDFB2-8155-48C3-9D14-EFF90F4044EE}"
EndProject
Global
	GlobalSection(SolutionConfigurationPlatforms) = preSolution
		Debug|Any CPU = Debug|Any CPU
		Release|Any CPU = Release|Any CPU
	EndGlobalSection
	GlobalSection(ProjectConfigurationPlatforms) = postSolution
		{E858B98C-EC32-4F64-AF1D-5462281A6915}.Debug|Any CPU.ActiveCfg = Debug|Any CPU
		{E858B98C-EC32-4F64-AF1D-5462281A6915}.Debug|Any CPU.Build.0 = Debug|Any CPU
		{E858B98C-EC32-4F64-AF1D-5462281A6915}.Release|Any CPU.ActiveCfg = Release|Any CPU
		{E858B98C-EC32-4F64-AF1D-5462281A6915}.Release|Any CPU.Build.0 = Release|Any CPU
		{F93FDFB2-8155-48C3-9D14-EFF90F4044EE}.Debug|Any CPU.ActiveCfg = Debug|Any CPU
		{F93FDFB2-8155-48C3-9D14-EFF90F4044EE}.Debug|Any CPU.Build.0 = Debug|Any CPU
		{F93FDFB2-8155-48C3-9D14-EFF90F4044EE}.Release|Any CPU.ActiveCfg = Release|Any CPU
		{F93FDFB2-8155-48C3-9D14-EFF90F4044EE}.Release|Any CPU.Build.0 = Release|Any CPU
	EndGlobalSection
	GlobalSection(SolutionProperties) = preSolution
		HideSolutionNode = FALSE
	EndGlobalSection
	GlobalSection(ExtensibilityGlobals) = postSolution
		SolutionGuid = {BAB7B614-EB1E-4967-9AF7-0795226141E3}
	EndGlobalSection
EndGlobal
